github.com/gorilla/websocket v1.5.3 h1:saDtZ6Pbx/0u+bgYQ3q96pZgCzfhKXGPqt7kZ72aNNg=
github.com/gorilla/websocket v1.5.3/go.mod h1:YR8l580nyteQvAITg2hZ9XVh4b55+EU/adAjf1fMHhE=
github.com/markkurossi/backup v0.0.0-20250418095717-a6ae9e9b7ffe h1:KTVcxbFbcbfw+Se+UF238PMsw30e0pU3Ng+Wgku+9MQ=
github.com/markkurossi/backup v0.0.0-20250418095717-a6ae9e9b7ffe/go.mod h1:TKouWpzvVp44bbyvKVgx49on06ckkjy3OuXZIbjY7LI=
github.com/markkurossi/vt100 v0.0.0-20210316192307-a09f3f88c5ec h1:P5LIxQT6R14eRuAEi2ANzxM09ST/8ku3RBWF7G4o5m8=
github.com/markkurossi/vt100 v0.0.0-20210316192307-a09f3f88c5ec/go.mod h1:oXQbqKqclTaa7KnRXBLzNpEQv4d/eXyAlCDEtnBZN8s=
golang.org/x/crypto v0.37.0 h1:kJNSjF/Xp7kU0iB2Z+9viTPMW4EqqsrywMXLJOOsXSE=
golang.org/x/crypto v0.37.0/go.mod h1:vg+k43peMZ0pUMhYmVAWysMK35e6ioLh3wB8ZCAfbVc=
golang.org/x/sys v0.32.0 h1:s77OFDvIQeibCmezSnk/q6iAfkdiQaJi4VzroCFrN20=
golang.org/x/sys v0.32.0/go.mod h1:BJP2sWEmIv4KK5OTEluFJCKSidICx8ciO85XgH3Ak8k=
golang.org/x/term v0.31.0 h1:erwDkOK1Msy6offm1mOgvspSkslFnIGsFnxOKoufg3o=
golang.org/x/term v0.31.0/go.mod h1:R4BeIy7D95HzImkxGkTW1UQTtP54tio2RyHz7PwK0aw=
